
Microsoft Visual Studio Solution File, Format Version 12.00
# Visual Studio 14
VisualStudioVersion = 14.0.24720.0
MinimumVisualStudioVersion = 10.0.40219.1
Project("{2150E333-8FDC-42A3-9474-1A3956D46DE8}") = "src", "src", "{63D4356D-46C7-4484-B081-9CABAA37D52A}"
EndProject
Project("{2150E333-8FDC-42A3-9474-1A3956D46DE8}") = "Solution Items", "Solution Items", "{0A988E7B-8EB8-4670-9B02-1254D229AE62}"
	ProjectSection(SolutionItems) = preProject
		global.json = global.json
	EndProjectSection
EndProject
Project("{8BB2217D-0F2D-49D1-97BC-3654ED321F3B}") = "Pather.CSharp", "src\Pather.CSharp\Pather.CSharp.xproj", "{0CE3A750-FFD7-49D1-A737-204EC60C70A5}"
EndProject
Project("{2150E333-8FDC-42A3-9474-1A3956D46DE8}") = "test", "test", "{3057EB06-B2AF-46EF-B4CC-1C159E573E5D}"
EndProject
Project("{8BB2217D-0F2D-49D1-97BC-3654ED321F3B}") = "Pather.CSharp.UnitTests", "test\Pather.CSharp.UnitTests\Pather.CSharp.UnitTests.xproj", "{5AC13917-3607-4722-9C49-4A8780D71A78}"
EndProject
Global
	GlobalSection(SolutionConfigurationPlatforms) = preSolution
		Debug|Any CPU = Debug|Any CPU
		Release|Any CPU = Release|Any CPU
	EndGlobalSection
	GlobalSection(ProjectConfigurationPlatforms) = postSolution
		{0CE3A750-FFD7-49D1-A737-204EC60C70A5}.Debug|Any CPU.ActiveCfg = Debug|Any CPU
		{0CE3A750-FFD7-49D1-A737-204EC60C70A5}.Debug|Any CPU.Build.0 = Debug|Any CPU
		{0CE3A750-FFD7-49D1-A737-204EC60C70A5}.Release|Any CPU.ActiveCfg = Release|Any CPU
		{0CE3A750-FFD7-49D1-A737-204EC60C70A5}.Release|Any CPU.Build.0 = Release|Any CPU
		{5AC13917-3607-4722-9C49-4A8780D71A78}.Debug|Any CPU.ActiveCfg = Debug|Any CPU
		{5AC13917-3607-4722-9C49-4A8780D71A78}.Debug|Any CPU.Build.0 = Debug|Any CPU
		{5AC13917-3607-4722-9C49-4A8780D71A78}.Release|Any CPU.ActiveCfg = Release|Any CPU
		{5AC13917-3607-4722-9C49-4A8780D71A78}.Release|Any CPU.Build.0 = Release|Any CPU
	EndGlobalSection
	GlobalSection(SolutionProperties) = preSolution
		HideSolutionNode = FALSE
	EndGlobalSection
	GlobalSection(NestedProjects) = preSolution
		{0CE3A750-FFD7-49D1-A737-204EC60C70A5} = {63D4356D-46C7-4484-B081-9CABAA37D52A}
		{5AC13917-3607-4722-9C49-4A8780D71A78} = {3057EB06-B2AF-46EF-B4CC-1C159E573E5D}
	EndGlobalSection
EndGlobal
